
Microsoft Visual Studio Solution File, Format Version 12.00
# Visual Studio 14
VisualStudioVersion = 14.0.24720.0
MinimumVisualStudioVersion = 10.0.40219.1
Project("{FAE04EC0-301F-11D3-BF4B-00C04F79EFBC}") = "Panagram", "Panagram\Panagram.csproj", "{03A45565-5756-47CB-BB0A-58C4C35A455A}"
EndProject
Global
	GlobalSection(SolutionConfigurationPlatforms) = preSolution
		Debug|Any CPU = Debug|Any CPU
		Release|Any CPU = Release|Any CPU
	EndGlobalSection
	GlobalSection(ProjectConfigurationPlatforms) = postSolution
		{03A45565-5756-47CB-BB0A-58C4C35A455A}.Debug|Any CPU.ActiveCfg = Debug|Any CPU
		{03A45565-5756-47CB-BB0A-58C4C35A455A}.Debug|Any CPU.Build.0 = Debug|Any CPU
		{03A45565-5756-47CB-BB0A-58C4C35A455A}.Release|Any CPU.ActiveCfg = Release|Any CPU
		{03A45565-5756-47CB-BB0A-58C4C35A455A}.Release|Any CPU.Build.0 = Release|Any CPU
	EndGlobalSection
	GlobalSection(SolutionProperties) = preSolution
		HideSolutionNode = FALSE
	EndGlobalSection
EndGlobal
