
Microsoft Visual Studio Solution File, Format Version 12.00
# Visual Studio 14
VisualStudioVersion = 14.0.24720.0
MinimumVisualStudioVersion = 10.0.40219.1
Project("{FAE04EC0-301F-11D3-BF4B-00C04F79EFBC}") = "Lottery", "Lottery\Lottery.csproj", "{ABBDB086-7355-48A4-8833-9216604B05CF}"
EndProject
Global
	GlobalSection(SolutionConfigurationPlatforms) = preSolution
		Debug|Any CPU = Debug|Any CPU
		Release|Any CPU = Release|Any CPU
	EndGlobalSection
	GlobalSection(ProjectConfigurationPlatforms) = postSolution
		{ABBDB086-7355-48A4-8833-9216604B05CF}.Debug|Any CPU.ActiveCfg = Debug|Any CPU
		{ABBDB086-7355-48A4-8833-9216604B05CF}.Debug|Any CPU.Build.0 = Debug|Any CPU
		{ABBDB086-7355-48A4-8833-9216604B05CF}.Release|Any CPU.ActiveCfg = Release|Any CPU
		{ABBDB086-7355-48A4-8833-9216604B05CF}.Release|Any CPU.Build.0 = Release|Any CPU
	EndGlobalSection
	GlobalSection(SolutionProperties) = preSolution
		HideSolutionNode = FALSE
	EndGlobalSection
EndGlobal
